// !$*UTF8*$!
{
	archiveVersion = 1;
	classes = {
	};
	objectVersion = 48;
	objects = {

/* Begin PBXBuildFile section */
		740594C31FB7B392003AA7A6 /* Conversation.swift in Sources */ = {isa = PBXBuildFile; fileRef = 740594C21FB7B392003AA7A6 /* Conversation.swift */; };
		740ADF9D1FBA2FD900AF6DD6 /* CommunicationManager.swift in Sources */ = {isa = PBXBuildFile; fileRef = 740ADF9C1FBA2FD900AF6DD6 /* CommunicationManager.swift */; };
		740ADF9F1FBA32DA00AF6DD6 /* StorageManager.swift in Sources */ = {isa = PBXBuildFile; fileRef = 740ADF9E1FBA32DA00AF6DD6 /* StorageManager.swift */; };
		741B59DE1FB76C3900EB0D61 /* ConversationsPreviewsService.swift in Sources */ = {isa = PBXBuildFile; fileRef = 741B59DD1FB76C3900EB0D61 /* ConversationsPreviewsService.swift */; };
		741B59E01FB7740700EB0D61 /* ConversationsTableDataSource.swift in Sources */ = {isa = PBXBuildFile; fileRef = 741B59DF1FB7740700EB0D61 /* ConversationsTableDataSource.swift */; };
		741B59E21FB7AB3D00EB0D61 /* MessageExtension.swift in Sources */ = {isa = PBXBuildFile; fileRef = 741B59E11FB7AB3D00EB0D61 /* MessageExtension.swift */; };
		742892C91FB7601B00BA580E /* ProfileService.swift in Sources */ = {isa = PBXBuildFile; fileRef = 742892C81FB7601B00BA580E /* ProfileService.swift */; };
		744A27B61FA895F000D71AFE /* ProfileAssebly.swift in Sources */ = {isa = PBXBuildFile; fileRef = 744A27B51FA895F000D71AFE /* ProfileAssebly.swift */; };
		744A27B81FA89BFB00D71AFE /* Profile.storyboard in Resources */ = {isa = PBXBuildFile; fileRef = 744A27B71FA89BFB00D71AFE /* Profile.storyboard */; };
		745A788B1F9B429900C16206 /* MultipeerCommunicator.swift in Sources */ = {isa = PBXBuildFile; fileRef = 745A788A1F9B429900C16206 /* MultipeerCommunicator.swift */; };
		745A81081F781B350069D54A /* RoundedButton.swift in Sources */ = {isa = PBXBuildFile; fileRef = 745A81071F781B350069D54A /* RoundedButton.swift */; };
		745D47671FA7174E00457F70 /* ConversationAssebly.swift in Sources */ = {isa = PBXBuildFile; fileRef = 745D47661FA7174E00457F70 /* ConversationAssebly.swift */; };
		745D476D1FA7ADA300457F70 /* ConversationsList.storyboard in Resources */ = {isa = PBXBuildFile; fileRef = 745D476C1FA7ADA200457F70 /* ConversationsList.storyboard */; };
		745D476F1FA7AEC300457F70 /* Conversation.storyboard in Resources */ = {isa = PBXBuildFile; fileRef = 745D476E1FA7AEC300457F70 /* Conversation.storyboard */; };
		746E93131FA884BA00C4C7C6 /* ProfileModel.swift in Sources */ = {isa = PBXBuildFile; fileRef = 746E93121FA884BA00C4C7C6 /* ProfileModel.swift */; };
		7470BFEC1FA632E900F606D6 /* RootAssembly.swift in Sources */ = {isa = PBXBuildFile; fileRef = 7470BFEB1FA632E900F606D6 /* RootAssembly.swift */; };
		7470BFF61FA6559400F606D6 /* ConversationsListAssembly.swift in Sources */ = {isa = PBXBuildFile; fileRef = 7470BFF51FA6559400F606D6 /* ConversationsListAssembly.swift */; };
		749EB0881F7EBF670034E38F /* RoundedImageView.swift in Sources */ = {isa = PBXBuildFile; fileRef = 749EB0871F7EBF670034E38F /* RoundedImageView.swift */; };
		74AC1B691F7700B400AC6152 /* AppDelegate.swift in Sources */ = {isa = PBXBuildFile; fileRef = 74AC1B681F7700B400AC6152 /* AppDelegate.swift */; };
		74AC1B731F7700B400AC6152 /* Assets.xcassets in Resources */ = {isa = PBXBuildFile; fileRef = 74AC1B721F7700B400AC6152 /* Assets.xcassets */; };
		74AC1B761F7700B400AC6152 /* LaunchScreen.storyboard in Resources */ = {isa = PBXBuildFile; fileRef = 74AC1B741F7700B400AC6152 /* LaunchScreen.storyboard */; };
		74AC1B801F77A76500AC6152 /* ProfileViewController.swift in Sources */ = {isa = PBXBuildFile; fileRef = 74AC1B7F1F77A76500AC6152 /* ProfileViewController.swift */; };
		74AC1B821F77A78500AC6152 /* Media.xcassets in Resources */ = {isa = PBXBuildFile; fileRef = 74AC1B811F77A78500AC6152 /* Media.xcassets */; };
		74BD17F71F8A307E00783280 /* ConversationTableViewCell.swift in Sources */ = {isa = PBXBuildFile; fileRef = 74BD17F61F8A307E00783280 /* ConversationTableViewCell.swift */; };
		74BD17FB1F8A7B5C00783280 /* ConversationsListViewController.swift in Sources */ = {isa = PBXBuildFile; fileRef = 74BD17FA1F8A7B5C00783280 /* ConversationsListViewController.swift */; };
		74BD17FF1F8AA2DC00783280 /* ConversationViewController.swift in Sources */ = {isa = PBXBuildFile; fileRef = 74BD17FE1F8AA2DC00783280 /* ConversationViewController.swift */; };
		74BD18041F8ADDAD00783280 /* MessageTableViewCell.swift in Sources */ = {isa = PBXBuildFile; fileRef = 74BD18031F8ADD0400783280 /* MessageTableViewCell.swift */; };
		74C146721FBA4CBF00D24430 /* ConversationService.swift in Sources */ = {isa = PBXBuildFile; fileRef = 74C146711FBA4CBF00D24430 /* ConversationService.swift */; };
		74C8AD191FB8E51500BF8A87 /* ConversationTableDataSource.swift in Sources */ = {isa = PBXBuildFile; fileRef = 74C8AD181FB8E51500BF8A87 /* ConversationTableDataSource.swift */; };
		74FD99A81FAF7B6900AAE672 /* CoreDataStack.swift in Sources */ = {isa = PBXBuildFile; fileRef = 74FD99A71FAF7B6900AAE672 /* CoreDataStack.swift */; };
		74FD99AF1FAFB71300AAE672 /* Storage.xcdatamodeld in Sources */ = {isa = PBXBuildFile; fileRef = 74FD99AD1FAFB71300AAE672 /* Storage.xcdatamodeld */; };
		74FD99B21FB0BB6100AAE672 /* AppUserExtension.swift in Sources */ = {isa = PBXBuildFile; fileRef = 74FD99B11FB0BB6100AAE672 /* AppUserExtension.swift */; };
		74FD99B41FB0BB8100AAE672 /* UserExtension.swift in Sources */ = {isa = PBXBuildFile; fileRef = 74FD99B31FB0BB8100AAE672 /* UserExtension.swift */; };
/* End PBXBuildFile section */

/* Begin PBXFileReference section */
		740594C21FB7B392003AA7A6 /* Conversation.swift */ = {isa = PBXFileReference; lastKnownFileType = sourcecode.swift; path = Conversation.swift; sourceTree = "<group>"; };
		740ADF9C1FBA2FD900AF6DD6 /* CommunicationManager.swift */ = {isa = PBXFileReference; lastKnownFileType = sourcecode.swift; path = CommunicationManager.swift; sourceTree = "<group>"; };
		740ADF9E1FBA32DA00AF6DD6 /* StorageManager.swift */ = {isa = PBXFileReference; lastKnownFileType = sourcecode.swift; path = StorageManager.swift; sourceTree = "<group>"; };
		741B59DD1FB76C3900EB0D61 /* ConversationsPreviewsService.swift */ = {isa = PBXFileReference; lastKnownFileType = sourcecode.swift; path = ConversationsPreviewsService.swift; sourceTree = "<group>"; };
		741B59DF1FB7740700EB0D61 /* ConversationsTableDataSource.swift */ = {isa = PBXFileReference; lastKnownFileType = sourcecode.swift; path = ConversationsTableDataSource.swift; sourceTree = "<group>"; };
		741B59E11FB7AB3D00EB0D61 /* MessageExtension.swift */ = {isa = PBXFileReference; lastKnownFileType = sourcecode.swift; path = MessageExtension.swift; sourceTree = "<group>"; };
		742892C81FB7601B00BA580E /* ProfileService.swift */ = {isa = PBXFileReference; lastKnownFileType = sourcecode.swift; path = ProfileService.swift; sourceTree = "<group>"; };
		744A27B51FA895F000D71AFE /* ProfileAssebly.swift */ = {isa = PBXFileReference; lastKnownFileType = sourcecode.swift; path = ProfileAssebly.swift; sourceTree = "<group>"; };
		744A27B71FA89BFB00D71AFE /* Profile.storyboard */ = {isa = PBXFileReference; lastKnownFileType = file.storyboard; path = Profile.storyboard; sourceTree = "<group>"; };
		745A788A1F9B429900C16206 /* MultipeerCommunicator.swift */ = {isa = PBXFileReference; lastKnownFileType = sourcecode.swift; path = MultipeerCommunicator.swift; sourceTree = "<group>"; };
		745A81071F781B350069D54A /* RoundedButton.swift */ = {isa = PBXFileReference; lastKnownFileType = sourcecode.swift; path = RoundedButton.swift; sourceTree = "<group>"; };
		745D47661FA7174E00457F70 /* ConversationAssebly.swift */ = {isa = PBXFileReference; lastKnownFileType = sourcecode.swift; path = ConversationAssebly.swift; sourceTree = "<group>"; };
		745D476C1FA7ADA200457F70 /* ConversationsList.storyboard */ = {isa = PBXFileReference; lastKnownFileType = file.storyboard; path = ConversationsList.storyboard; sourceTree = "<group>"; };
		745D476E1FA7AEC300457F70 /* Conversation.storyboard */ = {isa = PBXFileReference; lastKnownFileType = file.storyboard; path = Conversation.storyboard; sourceTree = "<group>"; };
		746E93121FA884BA00C4C7C6 /* ProfileModel.swift */ = {isa = PBXFileReference; lastKnownFileType = sourcecode.swift; path = ProfileModel.swift; sourceTree = "<group>"; };
		7470BFEB1FA632E900F606D6 /* RootAssembly.swift */ = {isa = PBXFileReference; lastKnownFileType = sourcecode.swift; path = RootAssembly.swift; sourceTree = "<group>"; };
		7470BFF51FA6559400F606D6 /* ConversationsListAssembly.swift */ = {isa = PBXFileReference; lastKnownFileType = sourcecode.swift; path = ConversationsListAssembly.swift; sourceTree = "<group>"; };
		749EB0871F7EBF670034E38F /* RoundedImageView.swift */ = {isa = PBXFileReference; lastKnownFileType = sourcecode.swift; path = RoundedImageView.swift; sourceTree = "<group>"; };
		74AC1B651F7700B400AC6152 /* Fintech Chat.app */ = {isa = PBXFileReference; explicitFileType = wrapper.application; includeInIndex = 0; path = "Fintech Chat.app"; sourceTree = BUILT_PRODUCTS_DIR; };
		74AC1B681F7700B400AC6152 /* AppDelegate.swift */ = {isa = PBXFileReference; lastKnownFileType = sourcecode.swift; path = AppDelegate.swift; sourceTree = "<group>"; };
		74AC1B721F7700B400AC6152 /* Assets.xcassets */ = {isa = PBXFileReference; lastKnownFileType = folder.assetcatalog; path = Assets.xcassets; sourceTree = "<group>"; };
		74AC1B751F7700B400AC6152 /* Base */ = {isa = PBXFileReference; lastKnownFileType = file.storyboard; name = Base; path = Base.lproj/LaunchScreen.storyboard; sourceTree = "<group>"; };
		74AC1B771F7700B400AC6152 /* Info.plist */ = {isa = PBXFileReference; lastKnownFileType = text.plist.xml; path = Info.plist; sourceTree = "<group>"; };
		74AC1B7F1F77A76500AC6152 /* ProfileViewController.swift */ = {isa = PBXFileReference; lastKnownFileType = sourcecode.swift; path = ProfileViewController.swift; sourceTree = "<group>"; };
		74AC1B811F77A78500AC6152 /* Media.xcassets */ = {isa = PBXFileReference; lastKnownFileType = folder.assetcatalog; path = Media.xcassets; sourceTree = "<group>"; };
		74BD17F61F8A307E00783280 /* ConversationTableViewCell.swift */ = {isa = PBXFileReference; lastKnownFileType = sourcecode.swift; path = ConversationTableViewCell.swift; sourceTree = "<group>"; };
		74BD17FA1F8A7B5C00783280 /* ConversationsListViewController.swift */ = {isa = PBXFileReference; lastKnownFileType = sourcecode.swift; path = ConversationsListViewController.swift; sourceTree = "<group>"; };
		74BD17FE1F8AA2DC00783280 /* ConversationViewController.swift */ = {isa = PBXFileReference; lastKnownFileType = sourcecode.swift; path = ConversationViewController.swift; sourceTree = "<group>"; };
		74BD18031F8ADD0400783280 /* MessageTableViewCell.swift */ = {isa = PBXFileReference; lastKnownFileType = sourcecode.swift; path = MessageTableViewCell.swift; sourceTree = "<group>"; };
		74C146711FBA4CBF00D24430 /* ConversationService.swift */ = {isa = PBXFileReference; lastKnownFileType = sourcecode.swift; path = ConversationService.swift; sourceTree = "<group>"; };
		74C8AD181FB8E51500BF8A87 /* ConversationTableDataSource.swift */ = {isa = PBXFileReference; lastKnownFileType = sourcecode.swift; path = ConversationTableDataSource.swift; sourceTree = "<group>"; };
		74FD99A71FAF7B6900AAE672 /* CoreDataStack.swift */ = {isa = PBXFileReference; lastKnownFileType = sourcecode.swift; path = CoreDataStack.swift; sourceTree = "<group>"; };
		74FD99AE1FAFB71300AAE672 /* Storage.xcdatamodel */ = {isa = PBXFileReference; lastKnownFileType = wrapper.xcdatamodel; path = Storage.xcdatamodel; sourceTree = "<group>"; };
		74FD99B11FB0BB6100AAE672 /* AppUserExtension.swift */ = {isa = PBXFileReference; lastKnownFileType = sourcecode.swift; path = AppUserExtension.swift; sourceTree = "<group>"; };
		74FD99B31FB0BB8100AAE672 /* UserExtension.swift */ = {isa = PBXFileReference; lastKnownFileType = sourcecode.swift; path = UserExtension.swift; sourceTree = "<group>"; };
/* End PBXFileReference section */

/* Begin PBXFrameworksBuildPhase section */
		74AC1B621F7700B400AC6152 /* Frameworks */ = {
			isa = PBXFrameworksBuildPhase;
			buildActionMask = 2147483647;
			files = (
			);
			runOnlyForDeploymentPostprocessing = 0;
		};
/* End PBXFrameworksBuildPhase section */

/* Begin PBXGroup section */
		745C27031FA605A600F051BA /* PresentationLayer */ = {
			isa = PBXGroup;
			children = (
				74BD18051F8ADDDE00783280 /* UI Rounded */,
				745C27041FA605E000F051BA /* Modules */,
			);
			path = PresentationLayer;
			sourceTree = "<group>";
		};
		745C27041FA605E000F051BA /* Modules */ = {
			isa = PBXGroup;
			children = (
				74BE69861F94065C0038CB12 /* Profile */,
				74BD18071F8ADE3500783280 /* Conversations List */,
				74BD18061F8ADE1600783280 /* Conversation */,
			);
			path = Modules;
			sourceTree = "<group>";
		};
		745C27051FA6066400F051BA /* ServiceLayer */ = {
			isa = PBXGroup;
			children = (
				742892C81FB7601B00BA580E /* ProfileService.swift */,
				741B59DD1FB76C3900EB0D61 /* ConversationsPreviewsService.swift */,
				74C146711FBA4CBF00D24430 /* ConversationService.swift */,
			);
			path = ServiceLayer;
			sourceTree = "<group>";
		};
		745C27061FA6067200F051BA /* CoreLayer */ = {
			isa = PBXGroup;
			children = (
				7470BFEE1FA636EE00F606D6 /* DataManagement */,
				7470BFED1FA636CC00F606D6 /* Communication */,
				740ADF9C1FBA2FD900AF6DD6 /* CommunicationManager.swift */,
				740ADF9E1FBA32DA00AF6DD6 /* StorageManager.swift */,
			);
			path = CoreLayer;
			sourceTree = "<group>";
		};
		7470BFED1FA636CC00F606D6 /* Communication */ = {
			isa = PBXGroup;
			children = (
				745A788A1F9B429900C16206 /* MultipeerCommunicator.swift */,
			);
			path = Communication;
			sourceTree = "<group>";
		};
		7470BFEE1FA636EE00F606D6 /* DataManagement */ = {
			isa = PBXGroup;
			children = (
				74FD99A71FAF7B6900AAE672 /* CoreDataStack.swift */,
			);
			path = DataManagement;
			sourceTree = "<group>";
		};
		74AC1B5C1F7700B400AC6152 = {
			isa = PBXGroup;
			children = (
				74AC1B671F7700B400AC6152 /* Fintech Chat */,
				74AC1B661F7700B400AC6152 /* Products */,
			);
			sourceTree = "<group>";
		};
		74AC1B661F7700B400AC6152 /* Products */ = {
			isa = PBXGroup;
			children = (
				74AC1B651F7700B400AC6152 /* Fintech Chat.app */,
			);
			name = Products;
			sourceTree = "<group>";
		};
		74AC1B671F7700B400AC6152 /* Fintech Chat */ = {
			isa = PBXGroup;
			children = (
				74AC1B771F7700B400AC6152 /* Info.plist */,
				74BD18091F8ADF2700783280 /* Asset Catalogs */,
				74BD18081F8ADE8A00783280 /* Suppoarting Files */,
				745C27031FA605A600F051BA /* PresentationLayer */,
				745C27051FA6066400F051BA /* ServiceLayer */,
				745C27061FA6067200F051BA /* CoreLayer */,
				74FD99B01FB0BB4100AAE672 /* EntityExtensions */,
				7470BFEB1FA632E900F606D6 /* RootAssembly.swift */,
				74AC1B681F7700B400AC6152 /* AppDelegate.swift */,
				74FD99AD1FAFB71300AAE672 /* Storage.xcdatamodeld */,
			);
			path = "Fintech Chat";
			sourceTree = "<group>";
		};
		74BD18051F8ADDDE00783280 /* UI Rounded */ = {
			isa = PBXGroup;
			children = (
				745A81071F781B350069D54A /* RoundedButton.swift */,
				749EB0871F7EBF670034E38F /* RoundedImageView.swift */,
			);
			path = "UI Rounded";
			sourceTree = "<group>";
		};
		74BD18061F8ADE1600783280 /* Conversation */ = {
			isa = PBXGroup;
			children = (
				74BD17FE1F8AA2DC00783280 /* ConversationViewController.swift */,
				74BD18031F8ADD0400783280 /* MessageTableViewCell.swift */,
				745D47661FA7174E00457F70 /* ConversationAssebly.swift */,
				745D476E1FA7AEC300457F70 /* Conversation.storyboard */,
				74C8AD181FB8E51500BF8A87 /* ConversationTableDataSource.swift */,
			);
			path = Conversation;
			sourceTree = "<group>";
		};
		74BD18071F8ADE3500783280 /* Conversations List */ = {
			isa = PBXGroup;
			children = (
				74BD17F61F8A307E00783280 /* ConversationTableViewCell.swift */,
				74BD17FA1F8A7B5C00783280 /* ConversationsListViewController.swift */,
				7470BFF51FA6559400F606D6 /* ConversationsListAssembly.swift */,
				745D476C1FA7ADA200457F70 /* ConversationsList.storyboard */,
				741B59DF1FB7740700EB0D61 /* ConversationsTableDataSource.swift */,
			);
			path = "Conversations List";
			sourceTree = "<group>";
		};
		74BD18081F8ADE8A00783280 /* Suppoarting Files */ = {
			isa = PBXGroup;
			children = (
				74AC1B741F7700B400AC6152 /* LaunchScreen.storyboard */,
			);
			path = "Suppoarting Files";
			sourceTree = "<group>";
		};
		74BD18091F8ADF2700783280 /* Asset Catalogs */ = {
			isa = PBXGroup;
			children = (
				74AC1B811F77A78500AC6152 /* Media.xcassets */,
				74AC1B721F7700B400AC6152 /* Assets.xcassets */,
			);
			path = "Asset Catalogs";
			sourceTree = "<group>";
		};
		74BE69861F94065C0038CB12 /* Profile */ = {
			isa = PBXGroup;
			children = (
				74AC1B7F1F77A76500AC6152 /* ProfileViewController.swift */,
				746E93121FA884BA00C4C7C6 /* ProfileModel.swift */,
				744A27B51FA895F000D71AFE /* ProfileAssebly.swift */,
				744A27B71FA89BFB00D71AFE /* Profile.storyboard */,
			);
			path = Profile;
			sourceTree = "<group>";
		};
		74FD99B01FB0BB4100AAE672 /* EntityExtensions */ = {
			isa = PBXGroup;
			children = (
				74FD99B11FB0BB6100AAE672 /* AppUserExtension.swift */,
				74FD99B31FB0BB8100AAE672 /* UserExtension.swift */,
				741B59E11FB7AB3D00EB0D61 /* MessageExtension.swift */,
				740594C21FB7B392003AA7A6 /* Conversation.swift */,
			);
			path = EntityExtensions;
			sourceTree = "<group>";
		};
/* End PBXGroup section */

/* Begin PBXNativeTarget section */
		74AC1B641F7700B400AC6152 /* Fintech Chat */ = {
			isa = PBXNativeTarget;
			buildConfigurationList = 74AC1B7A1F7700B400AC6152 /* Build configuration list for PBXNativeTarget "Fintech Chat" */;
			buildPhases = (
				74AC1B611F7700B400AC6152 /* Sources */,
				74AC1B621F7700B400AC6152 /* Frameworks */,
				74AC1B631F7700B400AC6152 /* Resources */,
			);
			buildRules = (
			);
			dependencies = (
			);
			name = "Fintech Chat";
			productName = "Fintech Chat";
			productReference = 74AC1B651F7700B400AC6152 /* Fintech Chat.app */;
			productType = "com.apple.product-type.application";
		};
/* End PBXNativeTarget section */

/* Begin PBXProject section */
		74AC1B5D1F7700B400AC6152 /* Project object */ = {
			isa = PBXProject;
			attributes = {
				LastSwiftUpdateCheck = 0900;
				LastUpgradeCheck = 0900;
				ORGANIZATIONNAME = "Mikhail Rudanov";
				TargetAttributes = {
					74AC1B641F7700B400AC6152 = {
						CreatedOnToolsVersion = 9.0;
						ProvisioningStyle = Automatic;
					};
				};
			};
			buildConfigurationList = 74AC1B601F7700B400AC6152 /* Build configuration list for PBXProject "Fintech Chat" */;
			compatibilityVersion = "Xcode 8.0";
			developmentRegion = en;
			hasScannedForEncodings = 0;
			knownRegions = (
				en,
				Base,
			);
			mainGroup = 74AC1B5C1F7700B400AC6152;
			productRefGroup = 74AC1B661F7700B400AC6152 /* Products */;
			projectDirPath = "";
			projectRoot = "";
			targets = (
				74AC1B641F7700B400AC6152 /* Fintech Chat */,
			);
		};
/* End PBXProject section */

/* Begin PBXResourcesBuildPhase section */
		74AC1B631F7700B400AC6152 /* Resources */ = {
			isa = PBXResourcesBuildPhase;
			buildActionMask = 2147483647;
			files = (
				745D476D1FA7ADA300457F70 /* ConversationsList.storyboard in Resources */,
				74AC1B761F7700B400AC6152 /* LaunchScreen.storyboard in Resources */,
				745D476F1FA7AEC300457F70 /* Conversation.storyboard in Resources */,
				74AC1B821F77A78500AC6152 /* Media.xcassets in Resources */,
				744A27B81FA89BFB00D71AFE /* Profile.storyboard in Resources */,
				74AC1B731F7700B400AC6152 /* Assets.xcassets in Resources */,
			);
			runOnlyForDeploymentPostprocessing = 0;
		};
/* End PBXResourcesBuildPhase section */

/* Begin PBXSourcesBuildPhase section */
		74AC1B611F7700B400AC6152 /* Sources */ = {
			isa = PBXSourcesBuildPhase;
			buildActionMask = 2147483647;
			files = (
				74AC1B801F77A76500AC6152 /* ProfileViewController.swift in Sources */,
				740ADF9D1FBA2FD900AF6DD6 /* CommunicationManager.swift in Sources */,
				74FD99AF1FAFB71300AAE672 /* Storage.xcdatamodeld in Sources */,
				740ADF9F1FBA32DA00AF6DD6 /* StorageManager.swift in Sources */,
				745D47671FA7174E00457F70 /* ConversationAssebly.swift in Sources */,
				74FD99B41FB0BB8100AAE672 /* UserExtension.swift in Sources */,
				744A27B61FA895F000D71AFE /* ProfileAssebly.swift in Sources */,
				74C8AD191FB8E51500BF8A87 /* ConversationTableDataSource.swift in Sources */,
				749EB0881F7EBF670034E38F /* RoundedImageView.swift in Sources */,
				742892C91FB7601B00BA580E /* ProfileService.swift in Sources */,
				74C146721FBA4CBF00D24430 /* ConversationService.swift in Sources */,
				7470BFEC1FA632E900F606D6 /* RootAssembly.swift in Sources */,
				74BD18041F8ADDAD00783280 /* MessageTableViewCell.swift in Sources */,
				74BD17FF1F8AA2DC00783280 /* ConversationViewController.swift in Sources */,
				740594C31FB7B392003AA7A6 /* Conversation.swift in Sources */,
				74BD17F71F8A307E00783280 /* ConversationTableViewCell.swift in Sources */,
				74FD99B21FB0BB6100AAE672 /* AppUserExtension.swift in Sources */,
				745A788B1F9B429900C16206 /* MultipeerCommunicator.swift in Sources */,
				741B59E21FB7AB3D00EB0D61 /* MessageExtension.swift in Sources */,
				746E93131FA884BA00C4C7C6 /* ProfileModel.swift in Sources */,
				7470BFF61FA6559400F606D6 /* ConversationsListAssembly.swift in Sources */,
				741B59DE1FB76C3900EB0D61 /* ConversationsPreviewsService.swift in Sources */,
				74AC1B691F7700B400AC6152 /* AppDelegate.swift in Sources */,
				74FD99A81FAF7B6900AAE672 /* CoreDataStack.swift in Sources */,
				74BD17FB1F8A7B5C00783280 /* ConversationsListViewController.swift in Sources */,
				741B59E01FB7740700EB0D61 /* ConversationsTableDataSource.swift in Sources */,
				745A81081F781B350069D54A /* RoundedButton.swift in Sources */,
			);
			runOnlyForDeploymentPostprocessing = 0;
		};
/* End PBXSourcesBuildPhase section */

/* Begin PBXVariantGroup section */
		74AC1B741F7700B400AC6152 /* LaunchScreen.storyboard */ = {
			isa = PBXVariantGroup;
			children = (
				74AC1B751F7700B400AC6152 /* Base */,
			);
			name = LaunchScreen.storyboard;
			sourceTree = "<group>";
		};
/* End PBXVariantGroup section */

/* Begin XCBuildConfiguration section */
		74AC1B781F7700B400AC6152 /* Debug */ = {
			isa = XCBuildConfiguration;
			buildSettings = {
				ALWAYS_SEARCH_USER_PATHS = NO;
				CLANG_ANALYZER_NONNULL = YES;
				CLANG_ANALYZER_NUMBER_OBJECT_CONVERSION = YES_AGGRESSIVE;
				CLANG_CXX_LANGUAGE_STANDARD = "gnu++14";
				CLANG_CXX_LIBRARY = "libc++";
				CLANG_ENABLE_MODULES = YES;
				CLANG_ENABLE_OBJC_ARC = YES;
				CLANG_WARN_BLOCK_CAPTURE_AUTORELEASING = YES;
				CLANG_WARN_BOOL_CONVERSION = YES;
				CLANG_WARN_COMMA = YES;
				CLANG_WARN_CONSTANT_CONVERSION = YES;
				CLANG_WARN_DIRECT_OBJC_ISA_USAGE = YES_ERROR;
				CLANG_WARN_DOCUMENTATION_COMMENTS = YES;
				CLANG_WARN_EMPTY_BODY = YES;
				CLANG_WARN_ENUM_CONVERSION = YES;
				CLANG_WARN_INFINITE_RECURSION = YES;
				CLANG_WARN_INT_CONVERSION = YES;
				CLANG_WARN_NON_LITERAL_NULL_CONVERSION = YES;
				CLANG_WARN_OBJC_LITERAL_CONVERSION = YES;
				CLANG_WARN_OBJC_ROOT_CLASS = YES_ERROR;
				CLANG_WARN_RANGE_LOOP_ANALYSIS = YES;
				CLANG_WARN_STRICT_PROTOTYPES = YES;
				CLANG_WARN_SUSPICIOUS_MOVE = YES;
				CLANG_WARN_UNGUARDED_AVAILABILITY = YES_AGGRESSIVE;
				CLANG_WARN_UNREACHABLE_CODE = YES;
				CLANG_WARN__DUPLICATE_METHOD_MATCH = YES;
				CODE_SIGN_IDENTITY = "iPhone Developer";
				COPY_PHASE_STRIP = NO;
				DEBUG_INFORMATION_FORMAT = dwarf;
				ENABLE_STRICT_OBJC_MSGSEND = YES;
				ENABLE_TESTABILITY = YES;
				GCC_C_LANGUAGE_STANDARD = gnu11;
				GCC_DYNAMIC_NO_PIC = NO;
				GCC_NO_COMMON_BLOCKS = YES;
				GCC_OPTIMIZATION_LEVEL = 0;
				GCC_PREPROCESSOR_DEFINITIONS = (
					"DEBUG=1",
					"$(inherited)",
				);
				GCC_WARN_64_TO_32_BIT_CONVERSION = YES;
				GCC_WARN_ABOUT_RETURN_TYPE = YES_ERROR;
				GCC_WARN_UNDECLARED_SELECTOR = YES;
				GCC_WARN_UNINITIALIZED_AUTOS = YES_AGGRESSIVE;
				GCC_WARN_UNUSED_FUNCTION = YES;
				GCC_WARN_UNUSED_VARIABLE = YES;
				IPHONEOS_DEPLOYMENT_TARGET = 11.0;
				MTL_ENABLE_DEBUG_INFO = YES;
				ONLY_ACTIVE_ARCH = YES;
				SDKROOT = iphoneos;
				SWIFT_ACTIVE_COMPILATION_CONDITIONS = DEBUG;
				SWIFT_OPTIMIZATION_LEVEL = "-Onone";
			};
			name = Debug;
		};
		74AC1B791F7700B400AC6152 /* Release */ = {
			isa = XCBuildConfiguration;
			buildSettings = {
				ALWAYS_SEARCH_USER_PATHS = NO;
				CLANG_ANALYZER_NONNULL = YES;
				CLANG_ANALYZER_NUMBER_OBJECT_CONVERSION = YES_AGGRESSIVE;
				CLANG_CXX_LANGUAGE_STANDARD = "gnu++14";
				CLANG_CXX_LIBRARY = "libc++";
				CLANG_ENABLE_MODULES = YES;
				CLANG_ENABLE_OBJC_ARC = YES;
				CLANG_WARN_BLOCK_CAPTURE_AUTORELEASING = YES;
				CLANG_WARN_BOOL_CONVERSION = YES;
				CLANG_WARN_COMMA = YES;
				CLANG_WARN_CONSTANT_CONVERSION = YES;
				CLANG_WARN_DIRECT_OBJC_ISA_USAGE = YES_ERROR;
				CLANG_WARN_DOCUMENTATION_COMMENTS = YES;
				CLANG_WARN_EMPTY_BODY = YES;
				CLANG_WARN_ENUM_CONVERSION = YES;
				CLANG_WARN_INFINITE_RECURSION = YES;
				CLANG_WARN_INT_CONVERSION = YES;
				CLANG_WARN_NON_LITERAL_NULL_CONVERSION = YES;
				CLANG_WARN_OBJC_LITERAL_CONVERSION = YES;
				CLANG_WARN_OBJC_ROOT_CLASS = YES_ERROR;
				CLANG_WARN_RANGE_LOOP_ANALYSIS = YES;
				CLANG_WARN_STRICT_PROTOTYPES = YES;
				CLANG_WARN_SUSPICIOUS_MOVE = YES;
				CLANG_WARN_UNGUARDED_AVAILABILITY = YES_AGGRESSIVE;
				CLANG_WARN_UNREACHABLE_CODE = YES;
				CLANG_WARN__DUPLICATE_METHOD_MATCH = YES;
				CODE_SIGN_IDENTITY = "iPhone Developer";
				COPY_PHASE_STRIP = NO;
				DEBUG_INFORMATION_FORMAT = "dwarf-with-dsym";
				ENABLE_NS_ASSERTIONS = NO;
				ENABLE_STRICT_OBJC_MSGSEND = YES;
				GCC_C_LANGUAGE_STANDARD = gnu11;
				GCC_NO_COMMON_BLOCKS = YES;
				GCC_WARN_64_TO_32_BIT_CONVERSION = YES;
				GCC_WARN_ABOUT_RETURN_TYPE = YES_ERROR;
				GCC_WARN_UNDECLARED_SELECTOR = YES;
				GCC_WARN_UNINITIALIZED_AUTOS = YES_AGGRESSIVE;
				GCC_WARN_UNUSED_FUNCTION = YES;
				GCC_WARN_UNUSED_VARIABLE = YES;
				IPHONEOS_DEPLOYMENT_TARGET = 11.0;
				MTL_ENABLE_DEBUG_INFO = NO;
				SDKROOT = iphoneos;
				SWIFT_OPTIMIZATION_LEVEL = "-Owholemodule";
				VALIDATE_PRODUCT = YES;
			};
			name = Release;
		};
		74AC1B7B1F7700B400AC6152 /* Debug */ = {
			isa = XCBuildConfiguration;
			buildSettings = {
				ASSETCATALOG_COMPILER_APPICON_NAME = AppIcon;
				CODE_SIGN_STYLE = Automatic;
				DEVELOPMENT_TEAM = EYNJSUJ3CP;
				INFOPLIST_FILE = "Fintech Chat/Info.plist";
				LD_RUNPATH_SEARCH_PATHS = "$(inherited) @executable_path/Frameworks";
				PRODUCT_BUNDLE_IDENTIFIER = "mrudanov.Fintech-Chat";
				PRODUCT_NAME = "$(TARGET_NAME)";
				SWIFT_VERSION = 4.0;
				TARGETED_DEVICE_FAMILY = 1;
			};
			name = Debug;
		};
		74AC1B7C1F7700B400AC6152 /* Release */ = {
			isa = XCBuildConfiguration;
			buildSettings = {
				ASSETCATALOG_COMPILER_APPICON_NAME = AppIcon;
				CODE_SIGN_STYLE = Automatic;
				DEVELOPMENT_TEAM = EYNJSUJ3CP;
				INFOPLIST_FILE = "Fintech Chat/Info.plist";
				LD_RUNPATH_SEARCH_PATHS = "$(inherited) @executable_path/Frameworks";
				PRODUCT_BUNDLE_IDENTIFIER = "mrudanov.Fintech-Chat";
				PRODUCT_NAME = "$(TARGET_NAME)";
				SWIFT_VERSION = 4.0;
				TARGETED_DEVICE_FAMILY = 1;
			};
			name = Release;
		};
/* End XCBuildConfiguration section */

/* Begin XCConfigurationList section */
		74AC1B601F7700B400AC6152 /* Build configuration list for PBXProject "Fintech Chat" */ = {
			isa = XCConfigurationList;
			buildConfigurations = (
				74AC1B781F7700B400AC6152 /* Debug */,
				74AC1B791F7700B400AC6152 /* Release */,
			);
			defaultConfigurationIsVisible = 0;
			defaultConfigurationName = Release;
		};
		74AC1B7A1F7700B400AC6152 /* Build configuration list for PBXNativeTarget "Fintech Chat" */ = {
			isa = XCConfigurationList;
			buildConfigurations = (
				74AC1B7B1F7700B400AC6152 /* Debug */,
				74AC1B7C1F7700B400AC6152 /* Release */,
			);
			defaultConfigurationIsVisible = 0;
			defaultConfigurationName = Release;
		};
/* End XCConfigurationList section */

/* Begin XCVersionGroup section */
		74FD99AD1FAFB71300AAE672 /* Storage.xcdatamodeld */ = {
			isa = XCVersionGroup;
			children = (
				74FD99AE1FAFB71300AAE672 /* Storage.xcdatamodel */,
			);
			currentVersion = 74FD99AE1FAFB71300AAE672 /* Storage.xcdatamodel */;
			path = Storage.xcdatamodeld;
			sourceTree = "<group>";
			versionGroupType = wrapper.xcdatamodel;
		};
/* End XCVersionGroup section */
	};
	rootObject = 74AC1B5D1F7700B400AC6152 /* Project object */;
}
